Microsoft Visual Studio Solution File, Format Version 12.00
# Visual Studio Version 17
VisualStudioVersion = 17.5.2.0
MinimumVisualStudioVersion = 10.0.40219.1
Project("{FAE04EC0-301F-11D3-BF4B-00C04F79EFBC}") = "SportCenter.Api", "SportCenter.Api\SportCenter.Api.csproj", "{1E363FA9-1BF9-6AA2-15F8-FFB5C97B0040}"
EndProject
Project("{2150E333-8FDC-42A3-9474-1A3956D46DE8}") = "SportCenter.Api (1)", "SportCenter.Api (1)", "{F2F22A8F-82CC-2FB4-9D7A-C809501B9B74}"
EndProject
Project("{2150E333-8FDC-42A3-9474-1A3956D46DE8}") = "tests", "tests", "{0AB3BF05-4346-4AA6-1389-037BE0695223}"
EndProject
Project("{FAE04EC0-301F-11D3-BF4B-00C04F79EFBC}") = "SportCenter.Api.UnitTests", "tests\SportCenter.Api.UnitTests\SportCenter.Api.UnitTests.csproj", "{0CF2F20E-7DB3-2899-4965-25BD719294CA}"
EndProject
Global
	GlobalSection(SolutionConfigurationPlatforms) = preSolution
		Debug|Any CPU = Debug|Any CPU
		Release|Any CPU = Release|Any CPU
	EndGlobalSection
	GlobalSection(ProjectConfigurationPlatforms) = postSolution
		{1E363FA9-1BF9-6AA2-15F8-FFB5C97B0040}.Debug|Any CPU.ActiveCfg = Debug|Any CPU
		{1E363FA9-1BF9-6AA2-15F8-FFB5C97B0040}.Debug|Any CPU.Build.0 = Debug|Any CPU
		{1E363FA9-1BF9-6AA2-15F8-FFB5C97B0040}.Release|Any CPU.ActiveCfg = Release|Any CPU
		{1E363FA9-1BF9-6AA2-15F8-FFB5C97B0040}.Release|Any CPU.Build.0 = Release|Any CPU
		{0CF2F20E-7DB3-2899-4965-25BD719294CA}.Debug|Any CPU.ActiveCfg = Debug|Any CPU
		{0CF2F20E-7DB3-2899-4965-25BD719294CA}.Debug|Any CPU.Build.0 = Debug|Any CPU
		{0CF2F20E-7DB3-2899-4965-25BD719294CA}.Release|Any CPU.ActiveCfg = Release|Any CPU
		{0CF2F20E-7DB3-2899-4965-25BD719294CA}.Release|Any CPU.Build.0 = Release|Any CPU
	EndGlobalSection
	GlobalSection(SolutionProperties) = preSolution
		HideSolutionNode = FALSE
	EndGlobalSection
	GlobalSection(NestedProjects) = preSolution
		{0CF2F20E-7DB3-2899-4965-25BD719294CA} = {0AB3BF05-4346-4AA6-1389-037BE0695223}
	EndGlobalSection
	GlobalSection(ExtensibilityGlobals) = postSolution
		SolutionGuid = {AE0E0DFA-7AEB-49D4-9BF0-9FBF372A02AE}
	EndGlobalSection
EndGlobal
